
Microsoft Visual Studio Solution File, Format Version 12.00
# Visual Studio Version 17
VisualStudioVersion = 17.3.32825.248
MinimumVisualStudioVersion = 10.0.40219.1
Project("{FAE04EC0-301F-11D3-BF4B-00C04F79EFBC}") = "UI", "Estacionamento\UI.csproj", "{2F95D563-F0B9-4E91-8FEA-8829B1DB03A4}"
EndProject
Project("{FAE04EC0-301F-11D3-BF4B-00C04F79EFBC}") = "Model", "Model\Model.csproj", "{9C5B9D98-D3C0-4BAD-8207-E1A36D75A366}"
EndProject
Project("{FAE04EC0-301F-11D3-BF4B-00C04F79EFBC}") = "DAO", "DAO\DAO.csproj", "{D46DB77E-0146-4AA3-88B7-2C7BD39B4280}"
EndProject
Project("{54435603-DBB4-11D2-8724-00A0C9A8B90C}") = "Estacionamento Alfa Park", "Estacionamento Alfa Park\Estacionamento Alfa Park.vdproj", "{EB35DEC7-0C09-4BC7-95D0-5476333E7A9F}"
EndProject
Global
	GlobalSection(SolutionConfigurationPlatforms) = preSolution
		Debug|Any CPU = Debug|Any CPU
		Release|Any CPU = Release|Any CPU
	EndGlobalSection
	GlobalSection(ProjectConfigurationPlatforms) = postSolution
		{2F95D563-F0B9-4E91-8FEA-8829B1DB03A4}.Debug|Any CPU.ActiveCfg = Debug|Any CPU
		{2F95D563-F0B9-4E91-8FEA-8829B1DB03A4}.Debug|Any CPU.Build.0 = Debug|Any CPU
		{2F95D563-F0B9-4E91-8FEA-8829B1DB03A4}.Release|Any CPU.ActiveCfg = Release|Any CPU
		{2F95D563-F0B9-4E91-8FEA-8829B1DB03A4}.Release|Any CPU.Build.0 = Release|Any CPU
		{9C5B9D98-D3C0-4BAD-8207-E1A36D75A366}.Debug|Any CPU.ActiveCfg = Debug|Any CPU
		{9C5B9D98-D3C0-4BAD-8207-E1A36D75A366}.Debug|Any CPU.Build.0 = Debug|Any CPU
		{9C5B9D98-D3C0-4BAD-8207-E1A36D75A366}.Release|Any CPU.ActiveCfg = Release|Any CPU
		{9C5B9D98-D3C0-4BAD-8207-E1A36D75A366}.Release|Any CPU.Build.0 = Release|Any CPU
		{D46DB77E-0146-4AA3-88B7-2C7BD39B4280}.Debug|Any CPU.ActiveCfg = Debug|Any CPU
		{D46DB77E-0146-4AA3-88B7-2C7BD39B4280}.Debug|Any CPU.Build.0 = Debug|Any CPU
		{D46DB77E-0146-4AA3-88B7-2C7BD39B4280}.Release|Any CPU.ActiveCfg = Release|Any CPU
		{D46DB77E-0146-4AA3-88B7-2C7BD39B4280}.Release|Any CPU.Build.0 = Release|Any CPU
		{EB35DEC7-0C09-4BC7-95D0-5476333E7A9F}.Debug|Any CPU.ActiveCfg = Debug
		{EB35DEC7-0C09-4BC7-95D0-5476333E7A9F}.Release|Any CPU.ActiveCfg = Release
	EndGlobalSection
	GlobalSection(SolutionProperties) = preSolution
		HideSolutionNode = FALSE
	EndGlobalSection
	GlobalSection(ExtensibilityGlobals) = postSolution
		SolutionGuid = {E475E279-8517-4A67-8DE2-AD557B30BBF5}
	EndGlobalSection
EndGlobal
